
Microsoft Visual Studio Solution File, Format Version 12.00
# Visual Studio Version 17
VisualStudioVersion = 17.0.31612.314
MinimumVisualStudioVersion = 10.0.40219.1
Project("{8BC9CEB8-8B4A-11D0-8D11-00A0C91BC942}") = "adcvm", "adcvm.vcxproj", "{443EEC0D-51CA-49C5-9A12-293C66277168}"
EndProject
Global
	GlobalSection(SolutionConfigurationPlatforms) = preSolution
		Debug|x64 = Debug|x64
		Debug64|x64 = Debug64|x64
		Release|x64 = Release|x64
		Release64|x64 = Release64|x64
	EndGlobalSection
	GlobalSection(ProjectConfigurationPlatforms) = postSolution
		{443EEC0D-51CA-49C5-9A12-293C66277168}.Debug|x64.ActiveCfg = Debug|x64
		{443EEC0D-51CA-49C5-9A12-293C66277168}.Debug|x64.Build.0 = Debug|x64
		{443EEC0D-51CA-49C5-9A12-293C66277168}.Debug64|x64.ActiveCfg = Debug64|x64
		{443EEC0D-51CA-49C5-9A12-293C66277168}.Debug64|x64.Build.0 = Debug64|x64
		{443EEC0D-51CA-49C5-9A12-293C66277168}.Release|x64.ActiveCfg = Release|x64
		{443EEC0D-51CA-49C5-9A12-293C66277168}.Release|x64.Build.0 = Release|x64
		{443EEC0D-51CA-49C5-9A12-293C66277168}.Release64|x64.ActiveCfg = Release64|x64
		{443EEC0D-51CA-49C5-9A12-293C66277168}.Release64|x64.Build.0 = Release64|x64
	EndGlobalSection
	GlobalSection(SolutionProperties) = preSolution
		HideSolutionNode = FALSE
	EndGlobalSection
	GlobalSection(ExtensibilityGlobals) = postSolution
		SolutionGuid = {C761266C-9F89-4E3D-AA3D-BBFF32EBA3FD}
	EndGlobalSection
EndGlobal
